
Microsoft Visual Studio Solution File, Format Version 12.00
# Visual Studio Version 16
VisualStudioVersion = 16.0.29519.181
MinimumVisualStudioVersion = 10.0.40219.1
Project("{FAE04EC0-301F-11D3-BF4B-00C04F79EFBC}") = "VisualDemo", "VisualDemo.csproj", "{2633DDF2-69A9-4692-81DF-D248A601630E}"
EndProject
Global
	GlobalSection(SolutionConfigurationPlatforms) = preSolution
		Debug|Any CPU = Debug|Any CPU
		Release|Any CPU = Release|Any CPU
	EndGlobalSection
	GlobalSection(ProjectConfigurationPlatforms) = postSolution
		{2633DDF2-69A9-4692-81DF-D248A601630E}.Debug|Any CPU.ActiveCfg = Debug|Any CPU
		{2633DDF2-69A9-4692-81DF-D248A601630E}.Debug|Any CPU.Build.0 = Debug|Any CPU
		{2633DDF2-69A9-4692-81DF-D248A601630E}.Release|Any CPU.ActiveCfg = Release|Any CPU
		{2633DDF2-69A9-4692-81DF-D248A601630E}.Release|Any CPU.Build.0 = Release|Any CPU
	EndGlobalSection
	GlobalSection(SolutionProperties) = preSolution
		HideSolutionNode = FALSE
	EndGlobalSection
	GlobalSection(ExtensibilityGlobals) = postSolution
		SolutionGuid = {5D8D42B8-2404-4A38-9A67-E0BCD3A6FDC0}
	EndGlobalSection
EndGlobal
